// !$*UTF8*$!
{
	archiveVersion = 1;
	classes = {
	};
	objectVersion = 46;
	objects = {

/* Begin PBXBuildFile section */
		ACD480101A8B40AD002A3037 /* AppDelegate.swift in Sources */ = {isa = PBXBuildFile; fileRef = ACD4800F1A8B40AD002A3037 /* AppDelegate.swift */; };
		ACD480121A8B40AD002A3037 /* FirstViewController.swift in Sources */ = {isa = PBXBuildFile; fileRef = ACD480111A8B40AD002A3037 /* FirstViewController.swift */; };
		ACD480141A8B40AD002A3037 /* SecondViewController.swift in Sources */ = {isa = PBXBuildFile; fileRef = ACD480131A8B40AD002A3037 /* SecondViewController.swift */; };
		ACD480171A8B40AD002A3037 /* Main.storyboard in Resources */ = {isa = PBXBuildFile; fileRef = ACD480151A8B40AD002A3037 /* Main.storyboard */; };
		ACD480191A8B40AD002A3037 /* Images.xcassets in Resources */ = {isa = PBXBuildFile; fileRef = ACD480181A8B40AD002A3037 /* Images.xcassets */; };
		ACD4801C1A8B40AD002A3037 /* LaunchScreen.xib in Resources */ = {isa = PBXBuildFile; fileRef = ACD4801A1A8B40AD002A3037 /* LaunchScreen.xib */; };
		ACD480281A8B40AD002A3037 /* LearnSwiftTests.swift in Sources */ = {isa = PBXBuildFile; fileRef = ACD480271A8B40AD002A3037 /* LearnSwiftTests.swift */; };
		ACD480381A903F20002A3037 /* PingViewController.swift in Sources */ = {isa = PBXBuildFile; fileRef = ACD480371A903F20002A3037 /* PingViewController.swift */; };
		ACD4803A1A90465C002A3037 /* CircleTransitionAnimator.swift in Sources */ = {isa = PBXBuildFile; fileRef = ACD480391A90465C002A3037 /* CircleTransitionAnimator.swift */; };
/* End PBXBuildFile section */

/* Begin PBXContainerItemProxy section */
		ACD480221A8B40AD002A3037 /* PBXContainerItemProxy */ = {
			isa = PBXContainerItemProxy;
			containerPortal = ACD480021A8B40AD002A3037 /* Project object */;
			proxyType = 1;
			remoteGlobalIDString = ACD480091A8B40AD002A3037;
			remoteInfo = LearnSwift;
		};
/* End PBXContainerItemProxy section */

/* Begin PBXFileReference section */
		AC7CB0DE1A98716D004E7445 /* Swift.playground */ = {isa = PBXFileReference; lastKnownFileType = file.playground; path = Swift.playground; sourceTree = "<group>"; };
		ACD4800A1A8B40AD002A3037 /* LearnSwift.app */ = {isa = PBXFileReference; explicitFileType = wrapper.application; includeInIndex = 0; path = LearnSwift.app; sourceTree = BUILT_PRODUCTS_DIR; };
		ACD4800E1A8B40AD002A3037 /* Info.plist */ = {isa = PBXFileReference; lastKnownFileType = text.plist.xml; path = Info.plist; sourceTree = "<group>"; };
		ACD4800F1A8B40AD002A3037 /* AppDelegate.swift */ = {isa = PBXFileReference; lastKnownFileType = sourcecode.swift; path = AppDelegate.swift; sourceTree = "<group>"; };
		ACD480111A8B40AD002A3037 /* FirstViewController.swift */ = {isa = PBXFileReference; lastKnownFileType = sourcecode.swift; path = FirstViewController.swift; sourceTree = "<group>"; };
		ACD480131A8B40AD002A3037 /* SecondViewController.swift */ = {isa = PBXFileReference; lastKnownFileType = sourcecode.swift; path = SecondViewController.swift; sourceTree = "<group>"; };
		ACD480161A8B40AD002A3037 /* Base */ = {isa = PBXFileReference; lastKnownFileType = file.storyboard; name = Base; path = Base.lproj/Main.storyboard; sourceTree = "<group>"; };
		ACD480181A8B40AD002A3037 /* Images.xcassets */ = {isa = PBXFileReference; lastKnownFileType = folder.assetcatalog; path = Images.xcassets; sourceTree = "<group>"; };
		ACD4801B1A8B40AD002A3037 /* Base */ = {isa = PBXFileReference; lastKnownFileType = file.xib; name = Base; path = Base.lproj/LaunchScreen.xib; sourceTree = "<group>"; };
		ACD480211A8B40AD002A3037 /* LearnSwiftTests.xctest */ = {isa = PBXFileReference; explicitFileType = wrapper.cfbundle; includeInIndex = 0; path = LearnSwiftTests.xctest; sourceTree = BUILT_PRODUCTS_DIR; };
		ACD480261A8B40AD002A3037 /* Info.plist */ = {isa = PBXFileReference; lastKnownFileType = text.plist.xml; path = Info.plist; sourceTree = "<group>"; };
		ACD480271A8B40AD002A3037 /* LearnSwiftTests.swift */ = {isa = PBXFileReference; lastKnownFileType = sourcecode.swift; path = LearnSwiftTests.swift; sourceTree = "<group>"; };
		ACD480371A903F20002A3037 /* PingViewController.swift */ = {isa = PBXFileReference; fileEncoding = 4; lastKnownFileType = sourcecode.swift; path = PingViewController.swift; sourceTree = "<group>"; };
		ACD480391A90465C002A3037 /* CircleTransitionAnimator.swift */ = {isa = PBXFileReference; fileEncoding = 4; lastKnownFileType = sourcecode.swift; path = CircleTransitionAnimator.swift; sourceTree = "<group>"; };
/* End PBXFileReference section */

/* Begin PBXFrameworksBuildPhase section */
		ACD480071A8B40AD002A3037 /* Frameworks */ = {
			isa = PBXFrameworksBuildPhase;
			buildActionMask = 2147483647;
			files = (
			);
			runOnlyForDeploymentPostprocessing = 0;
		};
		ACD4801E1A8B40AD002A3037 /* Frameworks */ = {
			isa = PBXFrameworksBuildPhase;
			buildActionMask = 2147483647;
			files = (
			);
			runOnlyForDeploymentPostprocessing = 0;
		};
/* End PBXFrameworksBuildPhase section */

/* Begin PBXGroup section */
		ACD480011A8B40AD002A3037 = {
			isa = PBXGroup;
			children = (
				ACD4800C1A8B40AD002A3037 /* LearnSwift */,
				ACD480241A8B40AD002A3037 /* LearnSwiftTests */,
				ACD4800B1A8B40AD002A3037 /* Products */,
			);
			sourceTree = "<group>";
		};
		ACD4800B1A8B40AD002A3037 /* Products */ = {
			isa = PBXGroup;
			children = (
				ACD4800A1A8B40AD002A3037 /* LearnSwift.app */,
				ACD480211A8B40AD002A3037 /* LearnSwiftTests.xctest */,
			);
			name = Products;
			sourceTree = "<group>";
		};
		ACD4800C1A8B40AD002A3037 /* LearnSwift */ = {
			isa = PBXGroup;
			children = (
				AC7CB0DE1A98716D004E7445 /* Swift.playground */,
				ACD4800F1A8B40AD002A3037 /* AppDelegate.swift */,
				ACD480331A903E25002A3037 /* First */,
				ACD480341A903E32002A3037 /* Second */,
				ACD480151A8B40AD002A3037 /* Main.storyboard */,
				ACD480181A8B40AD002A3037 /* Images.xcassets */,
				ACD4801A1A8B40AD002A3037 /* LaunchScreen.xib */,
				ACD4800D1A8B40AD002A3037 /* Supporting Files */,
			);
			path = LearnSwift;
			sourceTree = "<group>";
		};
		ACD4800D1A8B40AD002A3037 /* Supporting Files */ = {
			isa = PBXGroup;
			children = (
				ACD4800E1A8B40AD002A3037 /* Info.plist */,
			);
			name = "Supporting Files";
			sourceTree = "<group>";
		};
		ACD480241A8B40AD002A3037 /* LearnSwiftTests */ = {
			isa = PBXGroup;
			children = (
				ACD480271A8B40AD002A3037 /* LearnSwiftTests.swift */,
				ACD480251A8B40AD002A3037 /* Supporting Files */,
			);
			path = LearnSwiftTests;
			sourceTree = "<group>";
		};
		ACD480251A8B40AD002A3037 /* Supporting Files */ = {
			isa = PBXGroup;
			children = (
				ACD480261A8B40AD002A3037 /* Info.plist */,
			);
			name = "Supporting Files";
			sourceTree = "<group>";
		};
		ACD480331A903E25002A3037 /* First */ = {
			isa = PBXGroup;
			children = (
				ACD480111A8B40AD002A3037 /* FirstViewController.swift */,
				ACD480371A903F20002A3037 /* PingViewController.swift */,
				ACD480391A90465C002A3037 /* CircleTransitionAnimator.swift */,
			);
			name = First;
			sourceTree = "<group>";
		};
		ACD480341A903E32002A3037 /* Second */ = {
			isa = PBXGroup;
			children = (
				ACD480131A8B40AD002A3037 /* SecondViewController.swift */,
			);
			name = Second;
			sourceTree = "<group>";
		};
/* End PBXGroup section */

/* Begin PBXNativeTarget section */
		ACD480091A8B40AD002A3037 /* LearnSwift */ = {
			isa = PBXNativeTarget;
			buildConfigurationList = ACD4802B1A8B40AD002A3037 /* Build configuration list for PBXNativeTarget "LearnSwift" */;
			buildPhases = (
				ACD480061A8B40AD002A3037 /* Sources */,
				ACD480071A8B40AD002A3037 /* Frameworks */,
				ACD480081A8B40AD002A3037 /* Resources */,
			);
			buildRules = (
			);
			dependencies = (
			);
			name = LearnSwift;
			productName = LearnSwift;
			productReference = ACD4800A1A8B40AD002A3037 /* LearnSwift.app */;
			productType = "com.apple.product-type.application";
		};
		ACD480201A8B40AD002A3037 /* LearnSwiftTests */ = {
			isa = PBXNativeTarget;
			buildConfigurationList = ACD4802E1A8B40AD002A3037 /* Build configuration list for PBXNativeTarget "LearnSwiftTests" */;
			buildPhases = (
				ACD4801D1A8B40AD002A3037 /* Sources */,
				ACD4801E1A8B40AD002A3037 /* Frameworks */,
				ACD4801F1A8B40AD002A3037 /* Resources */,
			);
			buildRules = (
			);
			dependencies = (
				ACD480231A8B40AD002A3037 /* PBXTargetDependency */,
			);
			name = LearnSwiftTests;
			productName = LearnSwiftTests;
			productReference = ACD480211A8B40AD002A3037 /* LearnSwiftTests.xctest */;
			productType = "com.apple.product-type.bundle.unit-test";
		};
/* End PBXNativeTarget section */

/* Begin PBXProject section */
		ACD480021A8B40AD002A3037 /* Project object */ = {
			isa = PBXProject;
			attributes = {
				LastUpgradeCheck = 0610;
				ORGANIZATIONNAME = Snail;
				TargetAttributes = {
					ACD480091A8B40AD002A3037 = {
						CreatedOnToolsVersion = 6.1.1;
					};
					ACD480201A8B40AD002A3037 = {
						CreatedOnToolsVersion = 6.1.1;
						TestTargetID = ACD480091A8B40AD002A3037;
					};
				};
			};
			buildConfigurationList = ACD480051A8B40AD002A3037 /* Build configuration list for PBXProject "LearnSwift" */;
			compatibilityVersion = "Xcode 3.2";
			developmentRegion = English;
			hasScannedForEncodings = 0;
			knownRegions = (
				en,
				Base,
			);
			mainGroup = ACD480011A8B40AD002A3037;
			productRefGroup = ACD4800B1A8B40AD002A3037 /* Products */;
			projectDirPath = "";
			projectRoot = "";
			targets = (
				ACD480091A8B40AD002A3037 /* LearnSwift */,
				ACD480201A8B40AD002A3037 /* LearnSwiftTests */,
			);
		};
/* End PBXProject section */

/* Begin PBXResourcesBuildPhase section */
		ACD480081A8B40AD002A3037 /* Resources */ = {
			isa = PBXResourcesBuildPhase;
			buildActionMask = 2147483647;
			files = (
				ACD480171A8B40AD002A3037 /* Main.storyboard in Resources */,
				ACD4801C1A8B40AD002A3037 /* LaunchScreen.xib in Resources */,
				ACD480191A8B40AD002A3037 /* Images.xcassets in Resources */,
			);
			runOnlyForDeploymentPostprocessing = 0;
		};
		ACD4801F1A8B40AD002A3037 /* Resources */ = {
			isa = PBXResourcesBuildPhase;
			buildActionMask = 2147483647;
			files = (
			);
			runOnlyForDeploymentPostprocessing = 0;
		};
/* End PBXResourcesBuildPhase section */

/* Begin PBXSourcesBuildPhase section */
		ACD480061A8B40AD002A3037 /* Sources */ = {
			isa = PBXSourcesBuildPhase;
			buildActionMask = 2147483647;
			files = (
				ACD480381A903F20002A3037 /* PingViewController.swift in Sources */,
				ACD480141A8B40AD002A3037 /* SecondViewController.swift in Sources */,
				ACD4803A1A90465C002A3037 /* CircleTransitionAnimator.swift in Sources */,
				ACD480101A8B40AD002A3037 /* AppDelegate.swift in Sources */,
				ACD480121A8B40AD002A3037 /* FirstViewController.swift in Sources */,
			);
			runOnlyForDeploymentPostprocessing = 0;
		};
		ACD4801D1A8B40AD002A3037 /* Sources */ = {
			isa = PBXSourcesBuildPhase;
			buildActionMask = 2147483647;
			files = (
				ACD480281A8B40AD002A3037 /* LearnSwiftTests.swift in Sources */,
			);
			runOnlyForDeploymentPostprocessing = 0;
		};
/* End PBXSourcesBuildPhase section */

/* Begin PBXTargetDependency section */
		ACD480231A8B40AD002A3037 /* PBXTargetDependency */ = {
			isa = PBXTargetDependency;
			target = ACD480091A8B40AD002A3037 /* LearnSwift */;
			targetProxy = ACD480221A8B40AD002A3037 /* PBXContainerItemProxy */;
		};
/* End PBXTargetDependency section */

/* Begin PBXVariantGroup section */
		ACD480151A8B40AD002A3037 /* Main.storyboard */ = {
			isa = PBXVariantGroup;
			children = (
				ACD480161A8B40AD002A3037 /* Base */,
			);
			name = Main.storyboard;
			sourceTree = "<group>";
		};
		ACD4801A1A8B40AD002A3037 /* LaunchScreen.xib */ = {
			isa = PBXVariantGroup;
			children = (
				ACD4801B1A8B40AD002A3037 /* Base */,
			);
			name = LaunchScreen.xib;
			sourceTree = "<group>";
		};
/* End PBXVariantGroup section */

/* Begin XCBuildConfiguration section */
		ACD480291A8B40AD002A3037 /* Debug */ = {
			isa = XCBuildConfiguration;
			buildSettings = {
				ALWAYS_SEARCH_USER_PATHS = NO;
				CLANG_CXX_LANGUAGE_STANDARD = "gnu++0x";
				CLANG_CXX_LIBRARY = "libc++";
				CLANG_ENABLE_MODULES = YES;
				CLANG_ENABLE_OBJC_ARC = YES;
				CLANG_WARN_BOOL_CONVERSION = YES;
				CLANG_WARN_CONSTANT_CONVERSION = YES;
				CLANG_WARN_DIRECT_OBJC_ISA_USAGE = YES_ERROR;
				CLANG_WARN_EMPTY_BODY = YES;
				CLANG_WARN_ENUM_CONVERSION = YES;
				CLANG_WARN_INT_CONVERSION = YES;
				CLANG_WARN_OBJC_ROOT_CLASS = YES_ERROR;
				CLANG_WARN_UNREACHABLE_CODE = YES;
				CLANG_WARN__DUPLICATE_METHOD_MATCH = YES;
				"CODE_SIGN_IDENTITY[sdk=iphoneos*]" = "iPhone Developer";
				COPY_PHASE_STRIP = NO;
				ENABLE_STRICT_OBJC_MSGSEND = YES;
				GCC_C_LANGUAGE_STANDARD = gnu99;
				GCC_DYNAMIC_NO_PIC = NO;
				GCC_OPTIMIZATION_LEVEL = 0;
				GCC_PREPROCESSOR_DEFINITIONS = (
					"DEBUG=1",
					"$(inherited)",
				);
				GCC_SYMBOLS_PRIVATE_EXTERN = NO;
				GCC_WARN_64_TO_32_BIT_CONVERSION = YES;
				GCC_WARN_ABOUT_RETURN_TYPE = YES_ERROR;
				GCC_WARN_UNDECLARED_SELECTOR = YES;
				GCC_WARN_UNINITIALIZED_AUTOS = YES_AGGRESSIVE;
				GCC_WARN_UNUSED_FUNCTION = YES;
				GCC_WARN_UNUSED_VARIABLE = YES;
				IPHONEOS_DEPLOYMENT_TARGET = 8.0;
				MTL_ENABLE_DEBUG_INFO = YES;
				ONLY_ACTIVE_ARCH = YES;
				SDKROOT = iphoneos;
				SWIFT_OPTIMIZATION_LEVEL = "-Onone";
			};
			name = Debug;
		};
		ACD4802A1A8B40AD002A3037 /* Release */ = {
			isa = XCBuildConfiguration;
			buildSettings = {
				ALWAYS_SEARCH_USER_PATHS = NO;
				CLANG_CXX_LANGUAGE_STANDARD = "gnu++0x";
				CLANG_CXX_LIBRARY = "libc++";
				CLANG_ENABLE_MODULES = YES;
				CLANG_ENABLE_OBJC_ARC = YES;
				CLANG_WARN_BOOL_CONVERSION = YES;
				CLANG_WARN_CONSTANT_CONVERSION = YES;
				CLANG_WARN_DIRECT_OBJC_ISA_USAGE = YES_ERROR;
				CLANG_WARN_EMPTY_BODY = YES;
				CLANG_WARN_ENUM_CONVERSION = YES;
				CLANG_WARN_INT_CONVERSION = YES;
				CLANG_WARN_OBJC_ROOT_CLASS = YES_ERROR;
				CLANG_WARN_UNREACHABLE_CODE = YES;
				CLANG_WARN__DUPLICATE_METHOD_MATCH = YES;
				"CODE_SIGN_IDENTITY[sdk=iphoneos*]" = "iPhone Developer";
				COPY_PHASE_STRIP = YES;
				ENABLE_NS_ASSERTIONS = NO;
				ENABLE_STRICT_OBJC_MSGSEND = YES;
				GCC_C_LANGUAGE_STANDARD = gnu99;
				GCC_WARN_64_TO_32_BIT_CONVERSION = YES;
				GCC_WARN_ABOUT_RETURN_TYPE = YES_ERROR;
				GCC_WARN_UNDECLARED_SELECTOR = YES;
				GCC_WARN_UNINITIALIZED_AUTOS = YES_AGGRESSIVE;
				GCC_WARN_UNUSED_FUNCTION = YES;
				GCC_WARN_UNUSED_VARIABLE = YES;
				IPHONEOS_DEPLOYMENT_TARGET = 8.0;
				MTL_ENABLE_DEBUG_INFO = NO;
				SDKROOT = iphoneos;
				VALIDATE_PRODUCT = YES;
			};
			name = Release;
		};
		ACD4802C1A8B40AD002A3037 /* Debug */ = {
			isa = XCBuildConfiguration;
			buildSettings = {
				ASSETCATALOG_COMPILER_APPICON_NAME = AppIcon;
				INFOPLIST_FILE = LearnSwift/Info.plist;
				LD_RUNPATH_SEARCH_PATHS = "$(inherited) @executable_path/Frameworks";
				PRODUCT_NAME = "$(TARGET_NAME)";
			};
			name = Debug;
		};
		ACD4802D1A8B40AD002A3037 /* Release */ = {
			isa = XCBuildConfiguration;
			buildSettings = {
				ASSETCATALOG_COMPILER_APPICON_NAME = AppIcon;
				INFOPLIST_FILE = LearnSwift/Info.plist;
				LD_RUNPATH_SEARCH_PATHS = "$(inherited) @executable_path/Frameworks";
				PRODUCT_NAME = "$(TARGET_NAME)";
			};
			name = Release;
		};
		ACD4802F1A8B40AD002A3037 /* Debug */ = {
			isa = XCBuildConfiguration;
			buildSettings = {
				BUNDLE_LOADER = "$(TEST_HOST)";
				FRAMEWORK_SEARCH_PATHS = (
					"$(SDKROOT)/Developer/Library/Frameworks",
					"$(inherited)",
				);
				GCC_PREPROCESSOR_DEFINITIONS = (
					"DEBUG=1",
					"$(inherited)",
				);
				INFOPLIST_FILE = LearnSwiftTests/Info.plist;
				LD_RUNPATH_SEARCH_PATHS = "$(inherited) @executable_path/Frameworks @loader_path/Frameworks";
				PRODUCT_NAME = "$(TARGET_NAME)";
				TEST_HOST = "$(BUILT_PRODUCTS_DIR)/LearnSwift.app/LearnSwift";
			};
			name = Debug;
		};
		ACD480301A8B40AD002A3037 /* Release */ = {
			isa = XCBuildConfiguration;
			buildSettings = {
				BUNDLE_LOADER = "$(TEST_HOST)";
				FRAMEWORK_SEARCH_PATHS = (
					"$(SDKROOT)/Developer/Library/Frameworks",
					"$(inherited)",
				);
				INFOPLIST_FILE = LearnSwiftTests/Info.plist;
				LD_RUNPATH_SEARCH_PATHS = "$(inherited) @executable_path/Frameworks @loader_path/Frameworks";
				PRODUCT_NAME = "$(TARGET_NAME)";
				TEST_HOST = "$(BUILT_PRODUCTS_DIR)/LearnSwift.app/LearnSwift";
			};
			name = Release;
		};
/* End XCBuildConfiguration section */

/* Begin XCConfigurationList section */
		ACD480051A8B40AD002A3037 /* Build configuration list for PBXProject "LearnSwift" */ = {
			isa = XCConfigurationList;
			buildConfigurations = (
				ACD480291A8B40AD002A3037 /* Debug */,
				ACD4802A1A8B40AD002A3037 /* Release */,
			);
			defaultConfigurationIsVisible = 0;
			defaultConfigurationName = Release;
		};
		ACD4802B1A8B40AD002A3037 /* Build configuration list for PBXNativeTarget "LearnSwift" */ = {
			isa = XCConfigurationList;
			buildConfigurations = (
				ACD4802C1A8B40AD002A3037 /* Debug */,
				ACD4802D1A8B40AD002A3037 /* Release */,
			);
			defaultConfigurationIsVisible = 0;
			defaultConfigurationName = Release;
		};
		ACD4802E1A8B40AD002A3037 /* Build configuration list for PBXNativeTarget "LearnSwiftTests" */ = {
			isa = XCConfigurationList;
			buildConfigurations = (
				ACD4802F1A8B40AD002A3037 /* Debug */,
				ACD480301A8B40AD002A3037 /* Release */,
			);
			defaultConfigurationIsVisible = 0;
			defaultConfigurationName = Release;
		};
/* End XCConfigurationList section */
	};
	rootObject = ACD480021A8B40AD002A3037 /* Project object */;
}
